# This file is generated by running "yarn install" inside your project.
# Manual changes might be lost - proceed with caution!

__metadata:
  version: 4
  cacheKey: 7

"adm-zip@npm:^0.5.5":
  version: 0.5.5
  resolution: "adm-zip@npm:0.5.5"
  checksum: ad9514161538bcf29137c55326fb71494977eba4642d1c87cd92929fff97683f106917561c3b6aba3cb7b1919586cfb5008f4cf381fcb4af0ed7c6f02a4ef295
  languageName: node
  linkType: hard

"cfx-server-get@workspace:.":
  version: 0.0.0-use.local
  resolution: "cfx-server-get@workspace:."
  dependencies:
    adm-zip: ^0.5.5
  languageName: unknown
  linkType: soft
